
Microsoft Visual Studio Solution File, Format Version 12.00
# Visual Studio Version 16
VisualStudioVersion = 16.0.35931.194
MinimumVisualStudioVersion = 10.0.40219.1
Project("{FAE04EC0-301F-11D3-BF4B-00C04F79EFBC}") = "QualityControl", "QualityControl\QualityControl.csproj", "{2EF9CD1C-B807-4FEE-9046-2153F0916B79}"
EndProject
Global
	GlobalSection(SolutionConfigurationPlatforms) = preSolution
		Debug|Any CPU = Debug|Any CPU
		Release|Any CPU = Release|Any CPU
	EndGlobalSection
	GlobalSection(ProjectConfigurationPlatforms) = postSolution
		{2EF9CD1C-B807-4FEE-9046-2153F0916B79}.Debug|Any CPU.ActiveCfg = Debug|Any CPU
		{2EF9CD1C-B807-4FEE-9046-2153F0916B79}.Debug|Any CPU.Build.0 = Debug|Any CPU
		{2EF9CD1C-B807-4FEE-9046-2153F0916B79}.Release|Any CPU.ActiveCfg = Release|Any CPU
		{2EF9CD1C-B807-4FEE-9046-2153F0916B79}.Release|Any CPU.Build.0 = Release|Any CPU
	EndGlobalSection
	GlobalSection(SolutionProperties) = preSolution
		HideSolutionNode = FALSE
	EndGlobalSection
	GlobalSection(ExtensibilityGlobals) = postSolution
		SolutionGuid = {15BD76FF-F76C-4B1B-9877-19E67F9EEB31}
	EndGlobalSection
EndGlobal
